#MicroXplorer Configuration settings - do not modify
ADC2.Channel-1\#ChannelRegularConversion=ADC_CHANNEL_17
ADC2.ClockPrescaler=ADC_CLOCK_ASYNC_DIV8
ADC2.CommonPathInternal=null|null|null|null
ADC2.ContinuousConvMode=DISABLE
ADC2.DMAContinuousRequests=DISABLE
ADC2.EnableRegularConversion=ENABLE
ADC2.ExternalTrigConv=ADC_SOFTWARE_START
ADC2.IPParameters=ContinuousConvMode,DMAContinuousRequests,EnableRegularConversion,ClockPrescaler,Rank-1\#ChannelRegularConversion,Channel-1\#ChannelRegularConversion,SamplingTime-1\#ChannelRegularConversion,OffsetNumber-1\#ChannelRegularConversion,NbrOfConversionFlag,ExternalTrigConv,CommonPathInternal
ADC2.NbrOfConversionFlag=1
ADC2.OffsetNumber-1\#ChannelRegularConversion=ADC_OFFSET_NONE
ADC2.Rank-1\#ChannelRegularConversion=1
ADC2.SamplingTime-1\#ChannelRegularConversion=ADC_SAMPLETIME_2CYCLES_5
COMP2.IPParameters=TriggerMode
COMP2.TriggerMode=COMP_TRIGGERMODE_EVENT_RISING_FALLING
COMP3.IPParameters=TriggerMode
COMP3.TriggerMode=COMP_TRIGGERMODE_IT_FALLING
Dma.Request0=USART1_RX
Dma.RequestsNb=1
Dma.USART1_RX.0.Direction=DMA_PERIPH_TO_MEMORY
Dma.USART1_RX.0.EventEnable=DISABLE
Dma.USART1_RX.0.Instance=DMA2_Channel1
Dma.USART1_RX.0.MemDataAlignment=DMA_MDATAALIGN_BYTE
Dma.USART1_RX.0.MemInc=DMA_MINC_ENABLE
Dma.USART1_RX.0.Mode=DMA_NORMAL
Dma.USART1_RX.0.PeriphDataAlignment=DMA_PDATAALIGN_BYTE
Dma.USART1_RX.0.PeriphInc=DMA_PINC_DISABLE
Dma.USART1_RX.0.Polarity=HAL_DMAMUX_REQ_GEN_RISING
Dma.USART1_RX.0.Priority=DMA_PRIORITY_LOW
Dma.USART1_RX.0.RequestNumber=1
Dma.USART1_RX.0.RequestParameters=Instance,Direction,PeriphInc,MemInc,PeriphDataAlignment,MemDataAlignment,Mode,Priority,SignalID,Polarity,RequestNumber,SyncSignalID,SyncPolarity,SyncEnable,EventEnable,SyncRequestNumber
Dma.USART1_RX.0.SignalID=NONE
Dma.USART1_RX.0.SyncEnable=DISABLE
Dma.USART1_RX.0.SyncPolarity=HAL_DMAMUX_SYNC_NO_EVENT
Dma.USART1_RX.0.SyncRequestNumber=1
Dma.USART1_RX.0.SyncSignalID=NONE
File.Version=6
GPIO.groupedBy=Group By Peripherals
KeepUserPlacement=false
Mcu.CPN=STM32G431RBT6
Mcu.Family=STM32G4
Mcu.IP0=ADC2
Mcu.IP1=COMP2
Mcu.IP10=TIM15
Mcu.IP11=USART1
Mcu.IP2=COMP3
Mcu.IP3=DMA
Mcu.IP4=NVIC
Mcu.IP5=RCC
Mcu.IP6=SYS
Mcu.IP7=TIM2
Mcu.IP8=TIM3
Mcu.IP9=TIM4
Mcu.IPNb=12
Mcu.Name=STM32G431R(6-8-B)Tx
Mcu.Package=LQFP64
Mcu.Pin0=PC13
Mcu.Pin1=PC14-OSC32_IN
Mcu.Pin10=PB0
Mcu.Pin11=PB1
Mcu.Pin12=PB2
Mcu.Pin13=PC8
Mcu.Pin14=PC9
Mcu.Pin15=PA9
Mcu.Pin16=PA10
Mcu.Pin17=PA11
Mcu.Pin18=PA13
Mcu.Pin19=PA14
Mcu.Pin2=PC15-OSC32_OUT
Mcu.Pin20=PC10
Mcu.Pin21=PC11
Mcu.Pin22=PC12
Mcu.Pin23=PD2
Mcu.Pin24=VP_COMP2_VS_VREFINT14
Mcu.Pin25=VP_COMP3_VS_VREFINT
Mcu.Pin26=VP_SYS_VS_Systick
Mcu.Pin27=VP_SYS_VS_DBSignals
Mcu.Pin28=VP_TIM2_VS_ControllerModeReset
Mcu.Pin29=VP_TIM2_VS_ClockSourceINT
Mcu.Pin3=PF0-OSC_IN
Mcu.Pin30=VP_TIM3_VS_ControllerModeReset
Mcu.Pin31=VP_TIM3_VS_ClockSourceINT
Mcu.Pin32=VP_TIM3_VS_indirect_ch1
Mcu.Pin33=VP_TIM4_VS_ControllerModeReset
Mcu.Pin34=VP_TIM4_VS_ClockSourceINT
Mcu.Pin35=VP_TIM4_VS_NoInput1
Mcu.Pin36=VP_TIM4_VS_indirect_ch1
Mcu.Pin37=VP_TIM15_VS_ClockSourceINT
Mcu.Pin4=PF1-OSC_OUT
Mcu.Pin5=PA0
Mcu.Pin6=PA1
Mcu.Pin7=PA4
Mcu.Pin8=PA6
Mcu.Pin9=PA7
Mcu.PinsNb=38
Mcu.ThirdPartyNb=0
Mcu.UserConstants=
Mcu.UserName=STM32G431RBTx
MxCube.Version=6.6.1
MxDb.Version=DB.6.0.60
NVIC.ADC1_2_IRQn=true\:0\:0\:false\:false\:true\:true\:true\:true
NVIC.BusFault_IRQn=true\:0\:0\:false\:false\:true\:false\:false\:false
NVIC.COMP1_2_3_IRQn=true\:1\:0\:true\:false\:true\:false\:true\:true
NVIC.DMA2_Channel1_IRQn=true\:3\:0\:true\:false\:true\:true\:true\:true
NVIC.DebugMonitor_IRQn=true\:0\:0\:false\:false\:true\:false\:false\:false
NVIC.EXTI0_IRQn=true\:1\:0\:true\:false\:true\:true\:true\:true
NVIC.EXTI1_IRQn=true\:1\:0\:true\:false\:true\:true\:true\:true
NVIC.EXTI2_IRQn=true\:1\:0\:true\:false\:true\:true\:true\:true
NVIC.ForceEnableDMAVector=false
NVIC.HardFault_IRQn=true\:0\:0\:false\:false\:true\:false\:false\:false
NVIC.MemoryManagement_IRQn=true\:0\:0\:false\:false\:true\:false\:false\:false
NVIC.NonMaskableInt_IRQn=true\:0\:0\:false\:false\:true\:false\:false\:false
NVIC.PendSV_IRQn=true\:0\:0\:false\:false\:true\:false\:false\:false
NVIC.PriorityGroup=NVIC_PRIORITYGROUP_4
NVIC.SVCall_IRQn=true\:0\:0\:false\:false\:true\:false\:false\:false
NVIC.SysTick_IRQn=true\:0\:0\:true\:false\:true\:false\:true\:false
NVIC.TIM1_BRK_TIM15_IRQn=true\:0\:0\:false\:false\:true\:true\:true\:true
NVIC.TIM2_IRQn=true\:2\:0\:true\:false\:true\:true\:true\:true
NVIC.TIM3_IRQn=true\:2\:0\:true\:false\:true\:true\:true\:true
NVIC.TIM4_IRQn=true\:2\:0\:true\:false\:true\:true\:true\:true
NVIC.USART1_IRQn=true\:3\:0\:true\:false\:true\:true\:true\:true
NVIC.UsageFault_IRQn=true\:0\:0\:false\:false\:true\:false\:false\:false
PA0.Locked=true
PA0.Mode=INP
PA0.Signal=COMP3_INP
PA1.Locked=true
PA1.Signal=S_TIM2_CH2
PA10.Locked=true
PA10.Mode=Asynchronous
PA10.Signal=USART1_RX
PA11.Signal=S_TIM4_CH1
PA13.Mode=Serial_Wire
PA13.Signal=SYS_JTMS-SWDIO
PA14.Mode=Serial_Wire
PA14.Signal=SYS_JTCK-SWCLK
PA4.Locked=true
PA4.Mode=IN17-Single-Ended
PA4.Signal=ADC2_IN17
PA6.Locked=true
PA6.Signal=S_TIM3_CH1
PA7.Locked=true
PA7.Mode=INP
PA7.Signal=COMP2_INP
PA9.Locked=true
PA9.Mode=Asynchronous
PA9.Signal=USART1_TX
PB0.Locked=true
PB0.Signal=GPXTI0
PB1.Locked=true
PB1.Signal=GPXTI1
PB2.Locked=true
PB2.Signal=GPXTI2
PC10.GPIOParameters=PinState,GPIO_PuPd
PC10.GPIO_PuPd=GPIO_PULLUP
PC10.Locked=true
PC10.PinState=GPIO_PIN_SET
PC10.Signal=GPIO_Output
PC11.GPIOParameters=PinState,GPIO_PuPd
PC11.GPIO_PuPd=GPIO_PULLUP
PC11.Locked=true
PC11.PinState=GPIO_PIN_SET
PC11.Signal=GPIO_Output
PC12.GPIOParameters=PinState,GPIO_PuPd
PC12.GPIO_PuPd=GPIO_PULLUP
PC12.Locked=true
PC12.PinState=GPIO_PIN_SET
PC12.Signal=GPIO_Output
PC13.GPIOParameters=PinState,GPIO_PuPd
PC13.GPIO_PuPd=GPIO_PULLUP
PC13.Locked=true
PC13.PinState=GPIO_PIN_SET
PC13.Signal=GPIO_Output
PC14-OSC32_IN.GPIOParameters=PinState,GPIO_PuPd
PC14-OSC32_IN.GPIO_PuPd=GPIO_PULLUP
PC14-OSC32_IN.Locked=true
PC14-OSC32_IN.PinState=GPIO_PIN_SET
PC14-OSC32_IN.Signal=GPIO_Output
PC15-OSC32_OUT.GPIOParameters=PinState,GPIO_PuPd
PC15-OSC32_OUT.GPIO_PuPd=GPIO_PULLUP
PC15-OSC32_OUT.Locked=true
PC15-OSC32_OUT.PinState=GPIO_PIN_SET
PC15-OSC32_OUT.Signal=GPIO_Output
PC8.Locked=true
PC8.Signal=GPIO_Output
PC9.GPIOParameters=PinState,GPIO_PuPd
PC9.GPIO_PuPd=GPIO_PULLUP
PC9.Locked=true
PC9.PinState=GPIO_PIN_SET
PC9.Signal=GPIO_Output
PD2.GPIOParameters=GPIO_PuPd
PD2.GPIO_PuPd=GPIO_PULLDOWN
PD2.Locked=true
PD2.Signal=GPIO_Output
PF0-OSC_IN.Mode=HSE-External-Oscillator
PF0-OSC_IN.Signal=RCC_OSC_IN
PF1-OSC_OUT.Mode=HSE-External-Oscillator
PF1-OSC_OUT.Signal=RCC_OSC_OUT
PinOutPanel.RotationAngle=0
ProjectManager.AskForMigrate=true
ProjectManager.BackupPrevious=false
ProjectManager.CompilerOptimize=6
ProjectManager.ComputerToolchain=false
ProjectManager.CoupleFile=true
ProjectManager.CustomerFirmwarePackage=
ProjectManager.DefaultFWLocation=true
ProjectManager.DeletePrevious=true
ProjectManager.DeviceId=STM32G431RBTx
ProjectManager.FirmwarePackage=STM32Cube FW_G4 V1.5.1
ProjectManager.FreePins=false
ProjectManager.HalAssertFull=false
ProjectManager.HeapSize=0x200
ProjectManager.KeepUserCode=true
ProjectManager.LastFirmware=true
ProjectManager.LibraryCopy=1
ProjectManager.MainLocation=Core/Src
ProjectManager.NoMain=false
ProjectManager.PreviousToolchain=
ProjectManager.ProjectBuild=false
ProjectManager.ProjectFileName=lq-12g.ioc
ProjectManager.ProjectName=lq-12g
ProjectManager.RegisterCallBack=
ProjectManager.StackSize=0x400
ProjectManager.TargetToolchain=MDK-ARM V5
ProjectManager.ToolChainLocation=
ProjectManager.UnderRoot=false
ProjectManager.functionlistsort=1-SystemClock_Config-RCC-false-HAL-false,2-MX_GPIO_Init-GPIO-false-HAL-true,3-MX_DMA_Init-DMA-false-HAL-true,4-MX_ADC2_Init-ADC2-false-HAL-true,5-MX_USART1_UART_Init-USART1-false-HAL-true,6-MX_COMP3_Init-COMP3-false-HAL-true,7-MX_TIM2_Init-TIM2-false-HAL-true,8-MX_COMP2_Init-COMP2-false-HAL-true,9-MX_TIM3_Init-TIM3-false-HAL-true,10-MX_TIM4_Init-TIM4-false-HAL-true,11-MX_TIM15_Init-TIM15-false-HAL-true
RCC.ADC12Freq_Value=160000000
RCC.AHBFreq_Value=160000000
RCC.APB1Freq_Value=160000000
RCC.APB1TimFreq_Value=160000000
RCC.APB2CLKDivider=RCC_HCLK_DIV2
RCC.APB2Freq_Value=80000000
RCC.APB2TimFreq_Value=160000000
RCC.CRSFreq_Value=48000000
RCC.CortexFreq_Value=160000000
RCC.EXTERNAL_CLOCK_VALUE=12288000
RCC.FCLKCortexFreq_Value=160000000
RCC.FDCANFreq_Value=160000000
RCC.FamilyName=M
RCC.HCLKFreq_Value=160000000
RCC.HSI48_VALUE=48000000
RCC.HSI_VALUE=16000000
RCC.I2C1Freq_Value=160000000
RCC.I2C2Freq_Value=160000000
RCC.I2C3Freq_Value=160000000
RCC.I2SFreq_Value=160000000
RCC.IPParameters=ADC12Freq_Value,AHBFreq_Value,APB1Freq_Value,APB1TimFreq_Value,APB2CLKDivider,APB2Freq_Value,APB2TimFreq_Value,CRSFreq_Value,CortexFreq_Value,EXTERNAL_CLOCK_VALUE,FCLKCortexFreq_Value,FDCANFreq_Value,FamilyName,HCLKFreq_Value,HSI48_VALUE,HSI_VALUE,I2C1Freq_Value,I2C2Freq_Value,I2C3Freq_Value,I2SFreq_Value,LPTIM1Freq_Value,LPUART1Freq_Value,LSCOPinFreq_Value,LSE_VALUE,LSI_VALUE,MCO1PinFreq_Value,PLLN,PLLPoutputFreq_Value,PLLQoutputFreq_Value,PLLRCLKFreq_Value,PWRFreq_Value,RNGFreq_Value,SAI1Freq_Value,SYSCLKFreq_VALUE,SYSCLKSource,UART4Freq_Value,USART1Freq_Value,USART2Freq_Value,USART3Freq_Value,USBFreq_Value,VCOInputFreq_Value,VCOOutputFreq_Value
RCC.LPTIM1Freq_Value=160000000
RCC.LPUART1Freq_Value=160000000
RCC.LSCOPinFreq_Value=32000
RCC.LSE_VALUE=32768
RCC.LSI_VALUE=32000
RCC.MCO1PinFreq_Value=16000000
RCC.PLLN=20
RCC.PLLPoutputFreq_Value=160000000
RCC.PLLQoutputFreq_Value=160000000
RCC.PLLRCLKFreq_Value=160000000
RCC.PWRFreq_Value=160000000
RCC.RNGFreq_Value=160000000
RCC.SAI1Freq_Value=160000000
RCC.SYSCLKFreq_VALUE=160000000
RCC.SYSCLKSource=RCC_SYSCLKSOURCE_PLLCLK
RCC.UART4Freq_Value=160000000
RCC.USART1Freq_Value=80000000
RCC.USART2Freq_Value=160000000
RCC.USART3Freq_Value=160000000
RCC.USBFreq_Value=160000000
RCC.VCOInputFreq_Value=16000000
RCC.VCOOutputFreq_Value=320000000
SH.GPXTI0.0=GPIO_EXTI0
SH.GPXTI0.ConfNb=1
SH.GPXTI1.0=GPIO_EXTI1
SH.GPXTI1.ConfNb=1
SH.GPXTI2.0=GPIO_EXTI2
SH.GPXTI2.ConfNb=1
SH.S_TIM2_CH2.0=TIM2_CH2,Input_Capture2_from_TI2
SH.S_TIM2_CH2.1=TIM2_CH2,TriggerSource_TI2FP2
SH.S_TIM2_CH2.ConfNb=2
SH.S_TIM3_CH1.0=TIM3_CH1,Input_Capture1_from_TI1
SH.S_TIM3_CH1.1=TIM3_CH1,TriggerSource_TI1FP1
SH.S_TIM3_CH1.ConfNb=2
SH.S_TIM4_CH1.0=TIM4_CH1,TriggerSource_TI1FP1
SH.S_TIM4_CH1.ConfNb=1
TIM15.AutoReloadPreload=TIM_AUTORELOAD_PRELOAD_ENABLE
TIM15.IPParameters=TIM_MasterSlaveMode,TIM_MasterOutputTrigger,AutoReloadPreload,Prescaler,PeriodNoDither
TIM15.PeriodNoDither=999
TIM15.Prescaler=159
TIM15.TIM_MasterOutputTrigger=TIM_TRGO_RESET
TIM15.TIM_MasterSlaveMode=TIM_MASTERSLAVEMODE_DISABLE
TIM2.Channel-Input_Capture2_from_TI2=TIM_CHANNEL_2
TIM2.IPParameters=Prescaler,PeriodNoDither,Channel-Input_Capture2_from_TI2
TIM2.PeriodNoDither=999999
TIM2.Prescaler=159
TIM3.Channel-Input_Capture1_from_TI1=TIM_CHANNEL_1
TIM3.Channel-Input_Capture2_from_TI1_63=TIM_CHANNEL_2
TIM3.ICPolarity_CH2=TIM_INPUTCHANNELPOLARITY_FALLING
TIM3.IPParameters=Channel-Input_Capture2_from_TI1_63,ICPolarity_CH2,Channel-Input_Capture1_from_TI1,Prescaler
TIM3.Prescaler=159
TIM4.Channel-Input_Capture1_from_TI1_REMAP_TIM4=TIM_CHANNEL_1
TIM4.Channel-Input_Capture2_from_TI1_63=TIM_CHANNEL_2
TIM4.ICPolarity_CH2=TIM_INPUTCHANNELPOLARITY_FALLING
TIM4.IPParameters=Channel-Input_Capture1_from_TI1_REMAP_TIM4,Channel-Input_Capture2_from_TI1_63,TIM4_TI1_REMAP-Input_Capture1_from_TI1_REMAP_TIM4,ICPolarity_CH2,Prescaler
TIM4.Prescaler=159
TIM4.TIM4_TI1_REMAP-Input_Capture1_from_TI1_REMAP_TIM4=TIM_TIM4_TI1_COMP2
USART1.BaudRate=9600
USART1.IPParameters=VirtualMode-Asynchronous,BaudRate
USART1.VirtualMode-Asynchronous=VM_ASYNC
VP_COMP2_VS_VREFINT14.Mode=VREFINT_14
VP_COMP2_VS_VREFINT14.Signal=COMP2_VS_VREFINT14
VP_COMP3_VS_VREFINT.Mode=VREFINT
VP_COMP3_VS_VREFINT.Signal=COMP3_VS_VREFINT
VP_SYS_VS_DBSignals.Mode=DisableDeadBatterySignals
VP_SYS_VS_DBSignals.Signal=SYS_VS_DBSignals
VP_SYS_VS_Systick.Mode=SysTick
VP_SYS_VS_Systick.Signal=SYS_VS_Systick
VP_TIM15_VS_ClockSourceINT.Mode=Internal
VP_TIM15_VS_ClockSourceINT.Signal=TIM15_VS_ClockSourceINT
VP_TIM2_VS_ClockSourceINT.Mode=Internal
VP_TIM2_VS_ClockSourceINT.Signal=TIM2_VS_ClockSourceINT
VP_TIM2_VS_ControllerModeReset.Mode=Reset Mode
VP_TIM2_VS_ControllerModeReset.Signal=TIM2_VS_ControllerModeReset
VP_TIM3_VS_ClockSourceINT.Mode=Internal
VP_TIM3_VS_ClockSourceINT.Signal=TIM3_VS_ClockSourceINT
VP_TIM3_VS_ControllerModeReset.Mode=Reset Mode
VP_TIM3_VS_ControllerModeReset.Signal=TIM3_VS_ControllerModeReset
VP_TIM3_VS_indirect_ch1.Mode=Input_Capture2_from_TI1_63
VP_TIM3_VS_indirect_ch1.Signal=TIM3_VS_indirect_ch1
VP_TIM4_VS_ClockSourceINT.Mode=Internal
VP_TIM4_VS_ClockSourceINT.Signal=TIM4_VS_ClockSourceINT
VP_TIM4_VS_ControllerModeReset.Mode=Reset Mode
VP_TIM4_VS_ControllerModeReset.Signal=TIM4_VS_ControllerModeReset
VP_TIM4_VS_NoInput1.Mode=Input_Capture1_from_TI1_REMAP_TIM4
VP_TIM4_VS_NoInput1.Signal=TIM4_VS_NoInput1
VP_TIM4_VS_indirect_ch1.Mode=Input_Capture2_from_TI1_63
VP_TIM4_VS_indirect_ch1.Signal=TIM4_VS_indirect_ch1
board=custom
